// !$*UTF8*$!
{
	archiveVersion = 1;
	classes = {
	};
	objectVersion = 46;
	objects = {

/* Begin PBXBuildFile section */
		C84D685A1E3874A80073FF1B /* AppDelegate.swift in Sources */ = {isa = PBXBuildFile; fileRef = C84D68591E3874A80073FF1B /* AppDelegate.swift */; };
		C84D685C1E3874A80073FF1B /* ViewController.swift in Sources */ = {isa = PBXBuildFile; fileRef = C84D685B1E3874A80073FF1B /* ViewController.swift */; };
		C84D685F1E3874A80073FF1B /* Main.storyboard in Resources */ = {isa = PBXBuildFile; fileRef = C84D685D1E3874A80073FF1B /* Main.storyboard */; };
		C84D68611E3874A80073FF1B /* Assets.xcassets in Resources */ = {isa = PBXBuildFile; fileRef = C84D68601E3874A80073FF1B /* Assets.xcassets */; };
		C84D68641E3874A80073FF1B /* LaunchScreen.storyboard in Resources */ = {isa = PBXBuildFile; fileRef = C84D68621E3874A80073FF1B /* LaunchScreen.storyboard */; };
		C84D686F1E3874A80073FF1B /* ViewPracticeTests.swift in Sources */ = {isa = PBXBuildFile; fileRef = C84D686E1E3874A80073FF1B /* ViewPracticeTests.swift */; };
		C84D687A1E3874A80073FF1B /* ViewPracticeUITests.swift in Sources */ = {isa = PBXBuildFile; fileRef = C84D68791E3874A80073FF1B /* ViewPracticeUITests.swift */; };
/* End PBXBuildFile section */

/* Begin PBXContainerItemProxy section */
		C84D686B1E3874A80073FF1B /* PBXContainerItemProxy */ = {
			isa = PBXContainerItemProxy;
			containerPortal = C84D684E1E3874A80073FF1B /* Project object */;
			proxyType = 1;
			remoteGlobalIDString = C84D68551E3874A80073FF1B;
			remoteInfo = ViewPractice;
		};
		C84D68761E3874A80073FF1B /* PBXContainerItemProxy */ = {
			isa = PBXContainerItemProxy;
			containerPortal = C84D684E1E3874A80073FF1B /* Project object */;
			proxyType = 1;
			remoteGlobalIDString = C84D68551E3874A80073FF1B;
			remoteInfo = ViewPractice;
		};
/* End PBXContainerItemProxy section */

/* Begin PBXFileReference section */
		C84D68561E3874A80073FF1B /* ViewPractice.app */ = {isa = PBXFileReference; explicitFileType = wrapper.application; includeInIndex = 0; path = ViewPractice.app; sourceTree = BUILT_PRODUCTS_DIR; };
		C84D68591E3874A80073FF1B /* AppDelegate.swift */ = {isa = PBXFileReference; lastKnownFileType = sourcecode.swift; path = AppDelegate.swift; sourceTree = "<group>"; };
		C84D685B1E3874A80073FF1B /* ViewController.swift */ = {isa = PBXFileReference; lastKnownFileType = sourcecode.swift; path = ViewController.swift; sourceTree = "<group>"; };
		C84D685E1E3874A80073FF1B /* Base */ = {isa = PBXFileReference; lastKnownFileType = file.storyboard; name = Base; path = Base.lproj/Main.storyboard; sourceTree = "<group>"; };
		C84D68601E3874A80073FF1B /* Assets.xcassets */ = {isa = PBXFileReference; lastKnownFileType = folder.assetcatalog; path = Assets.xcassets; sourceTree = "<group>"; };
		C84D68631E3874A80073FF1B /* Base */ = {isa = PBXFileReference; lastKnownFileType = file.storyboard; name = Base; path = Base.lproj/LaunchScreen.storyboard; sourceTree = "<group>"; };
		C84D68651E3874A80073FF1B /* Info.plist */ = {isa = PBXFileReference; lastKnownFileType = text.plist.xml; path = Info.plist; sourceTree = "<group>"; };
		C84D686A1E3874A80073FF1B /* ViewPracticeTests.xctest */ = {isa = PBXFileReference; explicitFileType = wrapper.cfbundle; includeInIndex = 0; path = ViewPracticeTests.xctest; sourceTree = BUILT_PRODUCTS_DIR; };
		C84D686E1E3874A80073FF1B /* ViewPracticeTests.swift */ = {isa = PBXFileReference; lastKnownFileType = sourcecode.swift; path = ViewPracticeTests.swift; sourceTree = "<group>"; };
		C84D68701E3874A80073FF1B /* Info.plist */ = {isa = PBXFileReference; lastKnownFileType = text.plist.xml; path = Info.plist; sourceTree = "<group>"; };
		C84D68751E3874A80073FF1B /* ViewPracticeUITests.xctest */ = {isa = PBXFileReference; explicitFileType = wrapper.cfbundle; includeInIndex = 0; path = ViewPracticeUITests.xctest; sourceTree = BUILT_PRODUCTS_DIR; };
		C84D68791E3874A80073FF1B /* ViewPracticeUITests.swift */ = {isa = PBXFileReference; lastKnownFileType = sourcecode.swift; path = ViewPracticeUITests.swift; sourceTree = "<group>"; };
		C84D687B1E3874A80073FF1B /* Info.plist */ = {isa = PBXFileReference; lastKnownFileType = text.plist.xml; path = Info.plist; sourceTree = "<group>"; };
/* End PBXFileReference section */

/* Begin PBXFrameworksBuildPhase section */
		C84D68531E3874A80073FF1B /* Frameworks */ = {
			isa = PBXFrameworksBuildPhase;
			buildActionMask = 2147483647;
			files = (
			);
			runOnlyForDeploymentPostprocessing = 0;
		};
		C84D68671E3874A80073FF1B /* Frameworks */ = {
			isa = PBXFrameworksBuildPhase;
			buildActionMask = 2147483647;
			files = (
			);
			runOnlyForDeploymentPostprocessing = 0;
		};
		C84D68721E3874A80073FF1B /* Frameworks */ = {
			isa = PBXFrameworksBuildPhase;
			buildActionMask = 2147483647;
			files = (
			);
			runOnlyForDeploymentPostprocessing = 0;
		};
/* End PBXFrameworksBuildPhase section */

/* Begin PBXGroup section */
		C84D684D1E3874A80073FF1B = {
			isa = PBXGroup;
			children = (
				C84D68581E3874A80073FF1B /* ViewPractice */,
				C84D686D1E3874A80073FF1B /* ViewPracticeTests */,
				C84D68781E3874A80073FF1B /* ViewPracticeUITests */,
				C84D68571E3874A80073FF1B /* Products */,
			);
			sourceTree = "<group>";
		};
		C84D68571E3874A80073FF1B /* Products */ = {
			isa = PBXGroup;
			children = (
				C84D68561E3874A80073FF1B /* ViewPractice.app */,
				C84D686A1E3874A80073FF1B /* ViewPracticeTests.xctest */,
				C84D68751E3874A80073FF1B /* ViewPracticeUITests.xctest */,
			);
			name = Products;
			sourceTree = "<group>";
		};
		C84D68581E3874A80073FF1B /* ViewPractice */ = {
			isa = PBXGroup;
			children = (
				C84D68591E3874A80073FF1B /* AppDelegate.swift */,
				C84D685B1E3874A80073FF1B /* ViewController.swift */,
				C84D685D1E3874A80073FF1B /* Main.storyboard */,
				C84D68601E3874A80073FF1B /* Assets.xcassets */,
				C84D68621E3874A80073FF1B /* LaunchScreen.storyboard */,
				C84D68651E3874A80073FF1B /* Info.plist */,
			);
			path = ViewPractice;
			sourceTree = "<group>";
		};
		C84D686D1E3874A80073FF1B /* ViewPracticeTests */ = {
			isa = PBXGroup;
			children = (
				C84D686E1E3874A80073FF1B /* ViewPracticeTests.swift */,
				C84D68701E3874A80073FF1B /* Info.plist */,
			);
			path = ViewPracticeTests;
			sourceTree = "<group>";
		};
		C84D68781E3874A80073FF1B /* ViewPracticeUITests */ = {
			isa = PBXGroup;
			children = (
				C84D68791E3874A80073FF1B /* ViewPracticeUITests.swift */,
				C84D687B1E3874A80073FF1B /* Info.plist */,
			);
			path = ViewPracticeUITests;
			sourceTree = "<group>";
		};
/* End PBXGroup section */

/* Begin PBXNativeTarget section */
		C84D68551E3874A80073FF1B /* ViewPractice */ = {
			isa = PBXNativeTarget;
			buildConfigurationList = C84D687E1E3874A80073FF1B /* Build configuration list for PBXNativeTarget "ViewPractice" */;
			buildPhases = (
				C84D68521E3874A80073FF1B /* Sources */,
				C84D68531E3874A80073FF1B /* Frameworks */,
				C84D68541E3874A80073FF1B /* Resources */,
			);
			buildRules = (
			);
			dependencies = (
			);
			name = ViewPractice;
			productName = ViewPractice;
			productReference = C84D68561E3874A80073FF1B /* ViewPractice.app */;
			productType = "com.apple.product-type.application";
		};
		C84D68691E3874A80073FF1B /* ViewPracticeTests */ = {
			isa = PBXNativeTarget;
			buildConfigurationList = C84D68811E3874A80073FF1B /* Build configuration list for PBXNativeTarget "ViewPracticeTests" */;
			buildPhases = (
				C84D68661E3874A80073FF1B /* Sources */,
				C84D68671E3874A80073FF1B /* Frameworks */,
				C84D68681E3874A80073FF1B /* Resources */,
			);
			buildRules = (
			);
			dependencies = (
				C84D686C1E3874A80073FF1B /* PBXTargetDependency */,
			);
			name = ViewPracticeTests;
			productName = ViewPracticeTests;
			productReference = C84D686A1E3874A80073FF1B /* ViewPracticeTests.xctest */;
			productType = "com.apple.product-type.bundle.unit-test";
		};
		C84D68741E3874A80073FF1B /* ViewPracticeUITests */ = {
			isa = PBXNativeTarget;
			buildConfigurationList = C84D68841E3874A80073FF1B /* Build configuration list for PBXNativeTarget "ViewPracticeUITests" */;
			buildPhases = (
				C84D68711E3874A80073FF1B /* Sources */,
				C84D68721E3874A80073FF1B /* Frameworks */,
				C84D68731E3874A80073FF1B /* Resources */,
			);
			buildRules = (
			);
			dependencies = (
				C84D68771E3874A80073FF1B /* PBXTargetDependency */,
			);
			name = ViewPracticeUITests;
			productName = ViewPracticeUITests;
			productReference = C84D68751E3874A80073FF1B /* ViewPracticeUITests.xctest */;
			productType = "com.apple.product-type.bundle.ui-testing";
		};
/* End PBXNativeTarget section */

/* Begin PBXProject section */
		C84D684E1E3874A80073FF1B /* Project object */ = {
			isa = PBXProject;
			attributes = {
				LastSwiftUpdateCheck = 0820;
				LastUpgradeCheck = 0820;
				ORGANIZATIONNAME = JoYoungHo;
				TargetAttributes = {
					C84D68551E3874A80073FF1B = {
						CreatedOnToolsVersion = 8.2;
						ProvisioningStyle = Automatic;
					};
					C84D68691E3874A80073FF1B = {
						CreatedOnToolsVersion = 8.2;
						ProvisioningStyle = Automatic;
						TestTargetID = C84D68551E3874A80073FF1B;
					};
					C84D68741E3874A80073FF1B = {
						CreatedOnToolsVersion = 8.2;
						ProvisioningStyle = Automatic;
						TestTargetID = C84D68551E3874A80073FF1B;
					};
				};
			};
			buildConfigurationList = C84D68511E3874A80073FF1B /* Build configuration list for PBXProject "ViewPractice" */;
			compatibilityVersion = "Xcode 3.2";
			developmentRegion = English;
			hasScannedForEncodings = 0;
			knownRegions = (
				en,
				Base,
			);
			mainGroup = C84D684D1E3874A80073FF1B;
			productRefGroup = C84D68571E3874A80073FF1B /* Products */;
			projectDirPath = "";
			projectRoot = "";
			targets = (
				C84D68551E3874A80073FF1B /* ViewPractice */,
				C84D68691E3874A80073FF1B /* ViewPracticeTests */,
				C84D68741E3874A80073FF1B /* ViewPracticeUITests */,
			);
		};
/* End PBXProject section */

/* Begin PBXResourcesBuildPhase section */
		C84D68541E3874A80073FF1B /* Resources */ = {
			isa = PBXResourcesBuildPhase;
			buildActionMask = 2147483647;
			files = (
				C84D68641E3874A80073FF1B /* LaunchScreen.storyboard in Resources */,
				C84D68611E3874A80073FF1B /* Assets.xcassets in Resources */,
				C84D685F1E3874A80073FF1B /* Main.storyboard in Resources */,
			);
			runOnlyForDeploymentPostprocessing = 0;
		};
		C84D68681E3874A80073FF1B /* Resources */ = {
			isa = PBXResourcesBuildPhase;
			buildActionMask = 2147483647;
			files = (
			);
			runOnlyForDeploymentPostprocessing = 0;
		};
		C84D68731E3874A80073FF1B /* Resources */ = {
			isa = PBXResourcesBuildPhase;
			buildActionMask = 2147483647;
			files = (
			);
			runOnlyForDeploymentPostprocessing = 0;
		};
/* End PBXResourcesBuildPhase section */

/* Begin PBXSourcesBuildPhase section */
		C84D68521E3874A80073FF1B /* Sources */ = {
			isa = PBXSourcesBuildPhase;
			buildActionMask = 2147483647;
			files = (
				C84D685C1E3874A80073FF1B /* ViewController.swift in Sources */,
				C84D685A1E3874A80073FF1B /* AppDelegate.swift in Sources */,
			);
			runOnlyForDeploymentPostprocessing = 0;
		};
		C84D68661E3874A80073FF1B /* Sources */ = {
			isa = PBXSourcesBuildPhase;
			buildActionMask = 2147483647;
			files = (
				C84D686F1E3874A80073FF1B /* ViewPracticeTests.swift in Sources */,
			);
			runOnlyForDeploymentPostprocessing = 0;
		};
		C84D68711E3874A80073FF1B /* Sources */ = {
			isa = PBXSourcesBuildPhase;
			buildActionMask = 2147483647;
			files = (
				C84D687A1E3874A80073FF1B /* ViewPracticeUITests.swift in Sources */,
			);
			runOnlyForDeploymentPostprocessing = 0;
		};
/* End PBXSourcesBuildPhase section */

/* Begin PBXTargetDependency section */
		C84D686C1E3874A80073FF1B /* PBXTargetDependency */ = {
			isa = PBXTargetDependency;
			target = C84D68551E3874A80073FF1B /* ViewPractice */;
			targetProxy = C84D686B1E3874A80073FF1B /* PBXContainerItemProxy */;
		};
		C84D68771E3874A80073FF1B /* PBXTargetDependency */ = {
			isa = PBXTargetDependency;
			target = C84D68551E3874A80073FF1B /* ViewPractice */;
			targetProxy = C84D68761E3874A80073FF1B /* PBXContainerItemProxy */;
		};
/* End PBXTargetDependency section */

/* Begin PBXVariantGroup section */
		C84D685D1E3874A80073FF1B /* Main.storyboard */ = {
			isa = PBXVariantGroup;
			children = (
				C84D685E1E3874A80073FF1B /* Base */,
			);
			name = Main.storyboard;
			sourceTree = "<group>";
		};
		C84D68621E3874A80073FF1B /* LaunchScreen.storyboard */ = {
			isa = PBXVariantGroup;
			children = (
				C84D68631E3874A80073FF1B /* Base */,
			);
			name = LaunchScreen.storyboard;
			sourceTree = "<group>";
		};
/* End PBXVariantGroup section */

/* Begin XCBuildConfiguration section */
		C84D687C1E3874A80073FF1B /* Debug */ = {
			isa = XCBuildConfiguration;
			buildSettings = {
				ALWAYS_SEARCH_USER_PATHS = NO;
				CLANG_ANALYZER_NONNULL = YES;
				CLANG_CXX_LANGUAGE_STANDARD = "gnu++0x";
				CLANG_CXX_LIBRARY = "libc++";
				CLANG_ENABLE_MODULES = YES;
				CLANG_ENABLE_OBJC_ARC = YES;
				CLANG_WARN_BOOL_CONVERSION = YES;
				CLANG_WARN_CONSTANT_CONVERSION = YES;
				CLANG_WARN_DIRECT_OBJC_ISA_USAGE = YES_ERROR;
				CLANG_WARN_DOCUMENTATION_COMMENTS = YES;
				CLANG_WARN_EMPTY_BODY = YES;
				CLANG_WARN_ENUM_CONVERSION = YES;
				CLANG_WARN_INFINITE_RECURSION = YES;
				CLANG_WARN_INT_CONVERSION = YES;
				CLANG_WARN_OBJC_ROOT_CLASS = YES_ERROR;
				CLANG_WARN_SUSPICIOUS_MOVE = YES;
				CLANG_WARN_UNREACHABLE_CODE = YES;
				CLANG_WARN__DUPLICATE_METHOD_MATCH = YES;
				"CODE_SIGN_IDENTITY[sdk=iphoneos*]" = "iPhone Developer";
				COPY_PHASE_STRIP = NO;
				DEBUG_INFORMATION_FORMAT = dwarf;
				ENABLE_STRICT_OBJC_MSGSEND = YES;
				ENABLE_TESTABILITY = YES;
				GCC_C_LANGUAGE_STANDARD = gnu99;
				GCC_DYNAMIC_NO_PIC = NO;
				GCC_NO_COMMON_BLOCKS = YES;
				GCC_OPTIMIZATION_LEVEL = 0;
				GCC_PREPROCESSOR_DEFINITIONS = (
					"DEBUG=1",
					"$(inherited)",
				);
				GCC_WARN_64_TO_32_BIT_CONVERSION = YES;
				GCC_WARN_ABOUT_RETURN_TYPE = YES_ERROR;
				GCC_WARN_UNDECLARED_SELECTOR = YES;
				GCC_WARN_UNINITIALIZED_AUTOS = YES_AGGRESSIVE;
				GCC_WARN_UNUSED_FUNCTION = YES;
				GCC_WARN_UNUSED_VARIABLE = YES;
				IPHONEOS_DEPLOYMENT_TARGET = 10.2;
				MTL_ENABLE_DEBUG_INFO = YES;
				ONLY_ACTIVE_ARCH = YES;
				SDKROOT = iphoneos;
				SWIFT_ACTIVE_COMPILATION_CONDITIONS = DEBUG;
				SWIFT_OPTIMIZATION_LEVEL = "-Onone";
				TARGETED_DEVICE_FAMILY = "1,2";
			};
			name = Debug;
		};
		C84D687D1E3874A80073FF1B /* Release */ = {
			isa = XCBuildConfiguration;
			buildSettings = {
				ALWAYS_SEARCH_USER_PATHS = NO;
				CLANG_ANALYZER_NONNULL = YES;
				CLANG_CXX_LANGUAGE_STANDARD = "gnu++0x";
				CLANG_CXX_LIBRARY = "libc++";
				CLANG_ENABLE_MODULES = YES;
				CLANG_ENABLE_OBJC_ARC = YES;
				CLANG_WARN_BOOL_CONVERSION = YES;
				CLANG_WARN_CONSTANT_CONVERSION = YES;
				CLANG_WARN_DIRECT_OBJC_ISA_USAGE = YES_ERROR;
				CLANG_WARN_DOCUMENTATION_COMMENTS = YES;
				CLANG_WARN_EMPTY_BODY = YES;
				CLANG_WARN_ENUM_CONVERSION = YES;
				CLANG_WARN_INFINITE_RECURSION = YES;
				CLANG_WARN_INT_CONVERSION = YES;
				CLANG_WARN_OBJC_ROOT_CLASS = YES_ERROR;
				CLANG_WARN_SUSPICIOUS_MOVE = YES;
				CLANG_WARN_UNREACHABLE_CODE = YES;
				CLANG_WARN__DUPLICATE_METHOD_MATCH = YES;
				"CODE_SIGN_IDENTITY[sdk=iphoneos*]" = "iPhone Developer";
				COPY_PHASE_STRIP = NO;
				DEBUG_INFORMATION_FORMAT = "dwarf-with-dsym";
				ENABLE_NS_ASSERTIONS = NO;
				ENABLE_STRICT_OBJC_MSGSEND = YES;
				GCC_C_LANGUAGE_STANDARD = gnu99;
				GCC_NO_COMMON_BLOCKS = YES;
				GCC_WARN_64_TO_32_BIT_CONVERSION = YES;
				GCC_WARN_ABOUT_RETURN_TYPE = YES_ERROR;
				GCC_WARN_UNDECLARED_SELECTOR = YES;
				GCC_WARN_UNINITIALIZED_AUTOS = YES_AGGRESSIVE;
				GCC_WARN_UNUSED_FUNCTION = YES;
				GCC_WARN_UNUSED_VARIABLE = YES;
				IPHONEOS_DEPLOYMENT_TARGET = 10.2;
				MTL_ENABLE_DEBUG_INFO = NO;
				SDKROOT = iphoneos;
				SWIFT_OPTIMIZATION_LEVEL = "-Owholemodule";
				TARGETED_DEVICE_FAMILY = "1,2";
				VALIDATE_PRODUCT = YES;
			};
			name = Release;
		};
		C84D687F1E3874A80073FF1B /* Debug */ = {
			isa = XCBuildConfiguration;
			buildSettings = {
				ASSETCATALOG_COMPILER_APPICON_NAME = AppIcon;
				INFOPLIST_FILE = ViewPractice/Info.plist;
				LD_RUNPATH_SEARCH_PATHS = "$(inherited) @executable_path/Frameworks";
				PRODUCT_BUNDLE_IDENTIFIER = jo.zeroho.TableViewPractice;
				PRODUCT_NAME = "$(TARGET_NAME)";
				SWIFT_VERSION = 3.0;
			};
			name = Debug;
		};
		C84D68801E3874A80073FF1B /* Release */ = {
			isa = XCBuildConfiguration;
			buildSettings = {
				ASSETCATALOG_COMPILER_APPICON_NAME = AppIcon;
				INFOPLIST_FILE = ViewPractice/Info.plist;
				LD_RUNPATH_SEARCH_PATHS = "$(inherited) @executable_path/Frameworks";
				PRODUCT_BUNDLE_IDENTIFIER = jo.zeroho.TableViewPractice;
				PRODUCT_NAME = "$(TARGET_NAME)";
				SWIFT_VERSION = 3.0;
			};
			name = Release;
		};
		C84D68821E3874A80073FF1B /* Debug */ = {
			isa = XCBuildConfiguration;
			buildSettings = {
				ALWAYS_EMBED_SWIFT_STANDARD_LIBRARIES = YES;
				BUNDLE_LOADER = "$(TEST_HOST)";
				INFOPLIST_FILE = ViewPracticeTests/Info.plist;
				LD_RUNPATH_SEARCH_PATHS = "$(inherited) @executable_path/Frameworks @loader_path/Frameworks";
				PRODUCT_BUNDLE_IDENTIFIER = jo.zeroho.ViewPracticeTests;
				PRODUCT_NAME = "$(TARGET_NAME)";
				SWIFT_VERSION = 3.0;
				TEST_HOST = "$(BUILT_PRODUCTS_DIR)/ViewPractice.app/ViewPractice";
			};
			name = Debug;
		};
		C84D68831E3874A80073FF1B /* Release */ = {
			isa = XCBuildConfiguration;
			buildSettings = {
				ALWAYS_EMBED_SWIFT_STANDARD_LIBRARIES = YES;
				BUNDLE_LOADER = "$(TEST_HOST)";
				INFOPLIST_FILE = ViewPracticeTests/Info.plist;
				LD_RUNPATH_SEARCH_PATHS = "$(inherited) @executable_path/Frameworks @loader_path/Frameworks";
				PRODUCT_BUNDLE_IDENTIFIER = jo.zeroho.ViewPracticeTests;
				PRODUCT_NAME = "$(TARGET_NAME)";
				SWIFT_VERSION = 3.0;
				TEST_HOST = "$(BUILT_PRODUCTS_DIR)/ViewPractice.app/ViewPractice";
			};
			name = Release;
		};
		C84D68851E3874A80073FF1B /* Debug */ = {
			isa = XCBuildConfiguration;
			buildSettings = {
				ALWAYS_EMBED_SWIFT_STANDARD_LIBRARIES = YES;
				INFOPLIST_FILE = ViewPracticeUITests/Info.plist;
				LD_RUNPATH_SEARCH_PATHS = "$(inherited) @executable_path/Frameworks @loader_path/Frameworks";
				PRODUCT_BUNDLE_IDENTIFIER = jo.zeroho.ViewPracticeUITests;
				PRODUCT_NAME = "$(TARGET_NAME)";
				SWIFT_VERSION = 3.0;
				TEST_TARGET_NAME = ViewPractice;
			};
			name = Debug;
		};
		C84D68861E3874A80073FF1B /* Release */ = {
			isa = XCBuildConfiguration;
			buildSettings = {
				ALWAYS_EMBED_SWIFT_STANDARD_LIBRARIES = YES;
				INFOPLIST_FILE = ViewPracticeUITests/Info.plist;
				LD_RUNPATH_SEARCH_PATHS = "$(inherited) @executable_path/Frameworks @loader_path/Frameworks";
				PRODUCT_BUNDLE_IDENTIFIER = jo.zeroho.ViewPracticeUITests;
				PRODUCT_NAME = "$(TARGET_NAME)";
				SWIFT_VERSION = 3.0;
				TEST_TARGET_NAME = ViewPractice;
			};
			name = Release;
		};
/* End XCBuildConfiguration section */

/* Begin XCConfigurationList section */
		C84D68511E3874A80073FF1B /* Build configuration list for PBXProject "ViewPractice" */ = {
			isa = XCConfigurationList;
			buildConfigurations = (
				C84D687C1E3874A80073FF1B /* Debug */,
				C84D687D1E3874A80073FF1B /* Release */,
			);
			defaultConfigurationIsVisible = 0;
			defaultConfigurationName = Release;
		};
		C84D687E1E3874A80073FF1B /* Build configuration list for PBXNativeTarget "ViewPractice" */ = {
			isa = XCConfigurationList;
			buildConfigurations = (
				C84D687F1E3874A80073FF1B /* Debug */,
				C84D68801E3874A80073FF1B /* Release */,
			);
			defaultConfigurationIsVisible = 0;
			defaultConfigurationName = Release;
		};
		C84D68811E3874A80073FF1B /* Build configuration list for PBXNativeTarget "ViewPracticeTests" */ = {
			isa = XCConfigurationList;
			buildConfigurations = (
				C84D68821E3874A80073FF1B /* Debug */,
				C84D68831E3874A80073FF1B /* Release */,
			);
			defaultConfigurationIsVisible = 0;
			defaultConfigurationName = Release;
		};
		C84D68841E3874A80073FF1B /* Build configuration list for PBXNativeTarget "ViewPracticeUITests" */ = {
			isa = XCConfigurationList;
			buildConfigurations = (
				C84D68851E3874A80073FF1B /* Debug */,
				C84D68861E3874A80073FF1B /* Release */,
			);
			defaultConfigurationIsVisible = 0;
			defaultConfigurationName = Release;
		};
/* End XCConfigurationList section */
	};
	rootObject = C84D684E1E3874A80073FF1B /* Project object */;
}
